
Microsoft Visual Studio Solution File, Format Version 11.00
# Visual Studio 2010
Project("{8BC9CEB8-8B4A-11D0-8D11-00A0C91BC942}") = "ass2", "ass2\ass2.vcxproj", "{8F4793A7-53A8-4D76-A508-C6CC2E1A2E51}"
EndProject
Global
	GlobalSection(SolutionConfigurationPlatforms) = preSolution
		Debug|Win32 = Debug|Win32
		Release|Win32 = Release|Win32
	EndGlobalSection
	GlobalSection(ProjectConfigurationPlatforms) = postSolution
		{8F4793A7-53A8-4D76-A508-C6CC2E1A2E51}.Debug|Win32.ActiveCfg = Debug|Win32
		{8F4793A7-53A8-4D76-A508-C6CC2E1A2E51}.Debug|Win32.Build.0 = Debug|Win32
		{8F4793A7-53A8-4D76-A508-C6CC2E1A2E51}.Release|Win32.ActiveCfg = Release|Win32
		{8F4793A7-53A8-4D76-A508-C6CC2E1A2E51}.Release|Win32.Build.0 = Release|Win32
	EndGlobalSection
	GlobalSection(SolutionProperties) = preSolution
		HideSolutionNode = FALSE
	EndGlobalSection
EndGlobal
