
Microsoft Visual Studio Solution File, Format Version 11.00
# Visual Studio 2010
Project("{8BC9CEB8-8B4A-11D0-8D11-00A0C91BC942}") = "Ass0", "Ass0\Ass0.vcxproj", "{6BFFF479-D464-46C2-8AAC-82E29E916BDF}"
EndProject
Global
	GlobalSection(SolutionConfigurationPlatforms) = preSolution
		Debug|Win32 = Debug|Win32
		Release|Win32 = Release|Win32
	EndGlobalSection
	GlobalSection(ProjectConfigurationPlatforms) = postSolution
		{6BFFF479-D464-46C2-8AAC-82E29E916BDF}.Debug|Win32.ActiveCfg = Debug|Win32
		{6BFFF479-D464-46C2-8AAC-82E29E916BDF}.Debug|Win32.Build.0 = Debug|Win32
		{6BFFF479-D464-46C2-8AAC-82E29E916BDF}.Release|Win32.ActiveCfg = Release|Win32
		{6BFFF479-D464-46C2-8AAC-82E29E916BDF}.Release|Win32.Build.0 = Release|Win32
	EndGlobalSection
	GlobalSection(SolutionProperties) = preSolution
		HideSolutionNode = FALSE
	EndGlobalSection
EndGlobal
