
Microsoft Visual Studio Solution File, Format Version 10.00
# Visual Studio 2008
Project("{8BC9CEB8-8B4A-11D0-8D11-00A0C91BC942}") = "Ass3", "Ass3\Ass3.vcproj", "{EC551B93-2C75-4C7C-9444-AC458E0D568E}"
EndProject
Global
	GlobalSection(SolutionConfigurationPlatforms) = preSolution
		Debug|Win32 = Debug|Win32
		Release|Win32 = Release|Win32
	EndGlobalSection
	GlobalSection(ProjectConfigurationPlatforms) = postSolution
		{EC551B93-2C75-4C7C-9444-AC458E0D568E}.Debug|Win32.ActiveCfg = Debug|Win32
		{EC551B93-2C75-4C7C-9444-AC458E0D568E}.Debug|Win32.Build.0 = Debug|Win32
		{EC551B93-2C75-4C7C-9444-AC458E0D568E}.Release|Win32.ActiveCfg = Release|Win32
		{EC551B93-2C75-4C7C-9444-AC458E0D568E}.Release|Win32.Build.0 = Release|Win32
	EndGlobalSection
	GlobalSection(SolutionProperties) = preSolution
		HideSolutionNode = FALSE
	EndGlobalSection
EndGlobal
